// !$*UTF8*$!
{
	archiveVersion = 1;
	classes = {
	};
	objectVersion = 56;
	objects = {

/* Begin PBXBuildFile section */
		94BBDC0128EDF85500433B85 /* Weather_ApplicationApp.swift in Sources */ = {isa = PBXBuildFile; fileRef = 94BBDC0028EDF85500433B85 /* Weather_ApplicationApp.swift */; };
		94BBDC0328EDF85500433B85 /* ContentView.swift in Sources */ = {isa = PBXBuildFile; fileRef = 94BBDC0228EDF85500433B85 /* ContentView.swift */; };
		94BBDC0528EDF85600433B85 /* Assets.xcassets in Resources */ = {isa = PBXBuildFile; fileRef = 94BBDC0428EDF85600433B85 /* Assets.xcassets */; };
		94BBDC0828EDF85600433B85 /* Preview Assets.xcassets in Resources */ = {isa = PBXBuildFile; fileRef = 94BBDC0728EDF85600433B85 /* Preview Assets.xcassets */; };
		94BBDC1228EDF85600433B85 /* Weather_ApplicationTests.swift in Sources */ = {isa = PBXBuildFile; fileRef = 94BBDC1128EDF85600433B85 /* Weather_ApplicationTests.swift */; };
		94BBDC1C28EDF85600433B85 /* Weather_ApplicationUITests.swift in Sources */ = {isa = PBXBuildFile; fileRef = 94BBDC1B28EDF85600433B85 /* Weather_ApplicationUITests.swift */; };
		94BBDC1E28EDF85600433B85 /* Weather_ApplicationUITestsLaunchTests.swift in Sources */ = {isa = PBXBuildFile; fileRef = 94BBDC1D28EDF85600433B85 /* Weather_ApplicationUITestsLaunchTests.swift */; };
		94BBDC2D28EDFC0D00433B85 /* WeatherButton.swift in Sources */ = {isa = PBXBuildFile; fileRef = 94BBDC2C28EDFC0D00433B85 /* WeatherButton.swift */; };
/* End PBXBuildFile section */

/* Begin PBXContainerItemProxy section */
		94BBDC0E28EDF85600433B85 /* PBXContainerItemProxy */ = {
			isa = PBXContainerItemProxy;
			containerPortal = 94BBDBF528EDF85500433B85 /* Project object */;
			proxyType = 1;
			remoteGlobalIDString = 94BBDBFC28EDF85500433B85;
			remoteInfo = "Weather Application";
		};
		94BBDC1828EDF85600433B85 /* PBXContainerItemProxy */ = {
			isa = PBXContainerItemProxy;
			containerPortal = 94BBDBF528EDF85500433B85 /* Project object */;
			proxyType = 1;
			remoteGlobalIDString = 94BBDBFC28EDF85500433B85;
			remoteInfo = "Weather Application";
		};
/* End PBXContainerItemProxy section */

/* Begin PBXFileReference section */
		94BBDBFD28EDF85500433B85 /* Weather Application.app */ = {isa = PBXFileReference; explicitFileType = wrapper.application; includeInIndex = 0; path = "Weather Application.app"; sourceTree = BUILT_PRODUCTS_DIR; };
		94BBDC0028EDF85500433B85 /* Weather_ApplicationApp.swift */ = {isa = PBXFileReference; lastKnownFileType = sourcecode.swift; path = Weather_ApplicationApp.swift; sourceTree = "<group>"; };
		94BBDC0228EDF85500433B85 /* ContentView.swift */ = {isa = PBXFileReference; lastKnownFileType = sourcecode.swift; path = ContentView.swift; sourceTree = "<group>"; };
		94BBDC0428EDF85600433B85 /* Assets.xcassets */ = {isa = PBXFileReference; lastKnownFileType = folder.assetcatalog; path = Assets.xcassets; sourceTree = "<group>"; };
		94BBDC0728EDF85600433B85 /* Preview Assets.xcassets */ = {isa = PBXFileReference; lastKnownFileType = folder.assetcatalog; path = "Preview Assets.xcassets"; sourceTree = "<group>"; };
		94BBDC0D28EDF85600433B85 /* Weather ApplicationTests.xctest */ = {isa = PBXFileReference; explicitFileType = wrapper.cfbundle; includeInIndex = 0; path = "Weather ApplicationTests.xctest"; sourceTree = BUILT_PRODUCTS_DIR; };
		94BBDC1128EDF85600433B85 /* Weather_ApplicationTests.swift */ = {isa = PBXFileReference; lastKnownFileType = sourcecode.swift; path = Weather_ApplicationTests.swift; sourceTree = "<group>"; };
		94BBDC1728EDF85600433B85 /* Weather ApplicationUITests.xctest */ = {isa = PBXFileReference; explicitFileType = wrapper.cfbundle; includeInIndex = 0; path = "Weather ApplicationUITests.xctest"; sourceTree = BUILT_PRODUCTS_DIR; };
		94BBDC1B28EDF85600433B85 /* Weather_ApplicationUITests.swift */ = {isa = PBXFileReference; lastKnownFileType = sourcecode.swift; path = Weather_ApplicationUITests.swift; sourceTree = "<group>"; };
		94BBDC1D28EDF85600433B85 /* Weather_ApplicationUITestsLaunchTests.swift */ = {isa = PBXFileReference; lastKnownFileType = sourcecode.swift; path = Weather_ApplicationUITestsLaunchTests.swift; sourceTree = "<group>"; };
		94BBDC2C28EDFC0D00433B85 /* WeatherButton.swift */ = {isa = PBXFileReference; lastKnownFileType = sourcecode.swift; path = WeatherButton.swift; sourceTree = "<group>"; };
/* End PBXFileReference section */

/* Begin PBXFrameworksBuildPhase section */
		94BBDBFA28EDF85500433B85 /* Frameworks */ = {
			isa = PBXFrameworksBuildPhase;
			buildActionMask = 2147483647;
			files = (
			);
			runOnlyForDeploymentPostprocessing = 0;
		};
		94BBDC0A28EDF85600433B85 /* Frameworks */ = {
			isa = PBXFrameworksBuildPhase;
			buildActionMask = 2147483647;
			files = (
			);
			runOnlyForDeploymentPostprocessing = 0;
		};
		94BBDC1428EDF85600433B85 /* Frameworks */ = {
			isa = PBXFrameworksBuildPhase;
			buildActionMask = 2147483647;
			files = (
			);
			runOnlyForDeploymentPostprocessing = 0;
		};
/* End PBXFrameworksBuildPhase section */

/* Begin PBXGroup section */
		94BBDBF428EDF85500433B85 = {
			isa = PBXGroup;
			children = (
				94BBDBFF28EDF85500433B85 /* Weather Application */,
				94BBDC1028EDF85600433B85 /* Weather ApplicationTests */,
				94BBDC1A28EDF85600433B85 /* Weather ApplicationUITests */,
				94BBDBFE28EDF85500433B85 /* Products */,
			);
			sourceTree = "<group>";
		};
		94BBDBFE28EDF85500433B85 /* Products */ = {
			isa = PBXGroup;
			children = (
				94BBDBFD28EDF85500433B85 /* Weather Application.app */,
				94BBDC0D28EDF85600433B85 /* Weather ApplicationTests.xctest */,
				94BBDC1728EDF85600433B85 /* Weather ApplicationUITests.xctest */,
			);
			name = Products;
			sourceTree = "<group>";
		};
		94BBDBFF28EDF85500433B85 /* Weather Application */ = {
			isa = PBXGroup;
			children = (
				94BBDC0028EDF85500433B85 /* Weather_ApplicationApp.swift */,
				94BBDC0228EDF85500433B85 /* ContentView.swift */,
				94BBDC0428EDF85600433B85 /* Assets.xcassets */,
				94BBDC2C28EDFC0D00433B85 /* WeatherButton.swift */,
				94BBDC0628EDF85600433B85 /* Preview Content */,
			);
			path = "Weather Application";
			sourceTree = "<group>";
		};
		94BBDC0628EDF85600433B85 /* Preview Content */ = {
			isa = PBXGroup;
			children = (
				94BBDC0728EDF85600433B85 /* Preview Assets.xcassets */,
			);
			path = "Preview Content";
			sourceTree = "<group>";
		};
		94BBDC1028EDF85600433B85 /* Weather ApplicationTests */ = {
			isa = PBXGroup;
			children = (
				94BBDC1128EDF85600433B85 /* Weather_ApplicationTests.swift */,
			);
			path = "Weather ApplicationTests";
			sourceTree = "<group>";
		};
		94BBDC1A28EDF85600433B85 /* Weather ApplicationUITests */ = {
			isa = PBXGroup;
			children = (
				94BBDC1B28EDF85600433B85 /* Weather_ApplicationUITests.swift */,
				94BBDC1D28EDF85600433B85 /* Weather_ApplicationUITestsLaunchTests.swift */,
			);
			path = "Weather ApplicationUITests";
			sourceTree = "<group>";
		};
/* End PBXGroup section */

/* Begin PBXNativeTarget section */
		94BBDBFC28EDF85500433B85 /* Weather Application */ = {
			isa = PBXNativeTarget;
			buildConfigurationList = 94BBDC2128EDF85600433B85 /* Build configuration list for PBXNativeTarget "Weather Application" */;
			buildPhases = (
				94BBDBF928EDF85500433B85 /* Sources */,
				94BBDBFA28EDF85500433B85 /* Frameworks */,
				94BBDBFB28EDF85500433B85 /* Resources */,
			);
			buildRules = (
			);
			dependencies = (
			);
			name = "Weather Application";
			productName = "Weather Application";
			productReference = 94BBDBFD28EDF85500433B85 /* Weather Application.app */;
			productType = "com.apple.product-type.application";
		};
		94BBDC0C28EDF85600433B85 /* Weather ApplicationTests */ = {
			isa = PBXNativeTarget;
			buildConfigurationList = 94BBDC2428EDF85600433B85 /* Build configuration list for PBXNativeTarget "Weather ApplicationTests" */;
			buildPhases = (
				94BBDC0928EDF85600433B85 /* Sources */,
				94BBDC0A28EDF85600433B85 /* Frameworks */,
				94BBDC0B28EDF85600433B85 /* Resources */,
			);
			buildRules = (
			);
			dependencies = (
				94BBDC0F28EDF85600433B85 /* PBXTargetDependency */,
			);
			name = "Weather ApplicationTests";
			productName = "Weather ApplicationTests";
			productReference = 94BBDC0D28EDF85600433B85 /* Weather ApplicationTests.xctest */;
			productType = "com.apple.product-type.bundle.unit-test";
		};
		94BBDC1628EDF85600433B85 /* Weather ApplicationUITests */ = {
			isa = PBXNativeTarget;
			buildConfigurationList = 94BBDC2728EDF85600433B85 /* Build configuration list for PBXNativeTarget "Weather ApplicationUITests" */;
			buildPhases = (
				94BBDC1328EDF85600433B85 /* Sources */,
				94BBDC1428EDF85600433B85 /* Frameworks */,
				94BBDC1528EDF85600433B85 /* Resources */,
			);
			buildRules = (
			);
			dependencies = (
				94BBDC1928EDF85600433B85 /* PBXTargetDependency */,
			);
			name = "Weather ApplicationUITests";
			productName = "Weather ApplicationUITests";
			productReference = 94BBDC1728EDF85600433B85 /* Weather ApplicationUITests.xctest */;
			productType = "com.apple.product-type.bundle.ui-testing";
		};
/* End PBXNativeTarget section */

/* Begin PBXProject section */
		94BBDBF528EDF85500433B85 /* Project object */ = {
			isa = PBXProject;
			attributes = {
				BuildIndependentTargetsInParallel = 1;
				LastSwiftUpdateCheck = 1400;
				LastUpgradeCheck = 1400;
				TargetAttributes = {
					94BBDBFC28EDF85500433B85 = {
						CreatedOnToolsVersion = 14.0;
					};
					94BBDC0C28EDF85600433B85 = {
						CreatedOnToolsVersion = 14.0;
						TestTargetID = 94BBDBFC28EDF85500433B85;
					};
					94BBDC1628EDF85600433B85 = {
						CreatedOnToolsVersion = 14.0;
						TestTargetID = 94BBDBFC28EDF85500433B85;
					};
				};
			};
			buildConfigurationList = 94BBDBF828EDF85500433B85 /* Build configuration list for PBXProject "Weather Application" */;
			compatibilityVersion = "Xcode 14.0";
			developmentRegion = en;
			hasScannedForEncodings = 0;
			knownRegions = (
				en,
				Base,
			);
			mainGroup = 94BBDBF428EDF85500433B85;
			productRefGroup = 94BBDBFE28EDF85500433B85 /* Products */;
			projectDirPath = "";
			projectRoot = "";
			targets = (
				94BBDBFC28EDF85500433B85 /* Weather Application */,
				94BBDC0C28EDF85600433B85 /* Weather ApplicationTests */,
				94BBDC1628EDF85600433B85 /* Weather ApplicationUITests */,
			);
		};
/* End PBXProject section */

/* Begin PBXResourcesBuildPhase section */
		94BBDBFB28EDF85500433B85 /* Resources */ = {
			isa = PBXResourcesBuildPhase;
			buildActionMask = 2147483647;
			files = (
				94BBDC0828EDF85600433B85 /* Preview Assets.xcassets in Resources */,
				94BBDC0528EDF85600433B85 /* Assets.xcassets in Resources */,
			);
			runOnlyForDeploymentPostprocessing = 0;
		};
		94BBDC0B28EDF85600433B85 /* Resources */ = {
			isa = PBXResourcesBuildPhase;
			buildActionMask = 2147483647;
			files = (
			);
			runOnlyForDeploymentPostprocessing = 0;
		};
		94BBDC1528EDF85600433B85 /* Resources */ = {
			isa = PBXResourcesBuildPhase;
			buildActionMask = 2147483647;
			files = (
			);
			runOnlyForDeploymentPostprocessing = 0;
		};
/* End PBXResourcesBuildPhase section */

/* Begin PBXSourcesBuildPhase section */
		94BBDBF928EDF85500433B85 /* Sources */ = {
			isa = PBXSourcesBuildPhase;
			buildActionMask = 2147483647;
			files = (
				94BBDC0328EDF85500433B85 /* ContentView.swift in Sources */,
				94BBDC0128EDF85500433B85 /* Weather_ApplicationApp.swift in Sources */,
				94BBDC2D28EDFC0D00433B85 /* WeatherButton.swift in Sources */,
			);
			runOnlyForDeploymentPostprocessing = 0;
		};
		94BBDC0928EDF85600433B85 /* Sources */ = {
			isa = PBXSourcesBuildPhase;
			buildActionMask = 2147483647;
			files = (
				94BBDC1228EDF85600433B85 /* Weather_ApplicationTests.swift in Sources */,
			);
			runOnlyForDeploymentPostprocessing = 0;
		};
		94BBDC1328EDF85600433B85 /* Sources */ = {
			isa = PBXSourcesBuildPhase;
			buildActionMask = 2147483647;
			files = (
				94BBDC1E28EDF85600433B85 /* Weather_ApplicationUITestsLaunchTests.swift in Sources */,
				94BBDC1C28EDF85600433B85 /* Weather_ApplicationUITests.swift in Sources */,
			);
			runOnlyForDeploymentPostprocessing = 0;
		};
/* End PBXSourcesBuildPhase section */

/* Begin PBXTargetDependency section */
		94BBDC0F28EDF85600433B85 /* PBXTargetDependency */ = {
			isa = PBXTargetDependency;
			target = 94BBDBFC28EDF85500433B85 /* Weather Application */;
			targetProxy = 94BBDC0E28EDF85600433B85 /* PBXContainerItemProxy */;
		};
		94BBDC1928EDF85600433B85 /* PBXTargetDependency */ = {
			isa = PBXTargetDependency;
			target = 94BBDBFC28EDF85500433B85 /* Weather Application */;
			targetProxy = 94BBDC1828EDF85600433B85 /* PBXContainerItemProxy */;
		};
/* End PBXTargetDependency section */

/* Begin XCBuildConfiguration section */
		94BBDC1F28EDF85600433B85 /* Debug */ = {
			isa = XCBuildConfiguration;
			buildSettings = {
				ALWAYS_SEARCH_USER_PATHS = NO;
				CLANG_ANALYZER_NONNULL = YES;
				CLANG_ANALYZER_NUMBER_OBJECT_CONVERSION = YES_AGGRESSIVE;
				CLANG_CXX_LANGUAGE_STANDARD = "gnu++20";
				CLANG_ENABLE_MODULES = YES;
				CLANG_ENABLE_OBJC_ARC = YES;
				CLANG_ENABLE_OBJC_WEAK = YES;
				CLANG_WARN_BLOCK_CAPTURE_AUTORELEASING = YES;
				CLANG_WARN_BOOL_CONVERSION = YES;
				CLANG_WARN_COMMA = YES;
				CLANG_WARN_CONSTANT_CONVERSION = YES;
				CLANG_WARN_DEPRECATED_OBJC_IMPLEMENTATIONS = YES;
				CLANG_WARN_DIRECT_OBJC_ISA_USAGE = YES_ERROR;
				CLANG_WARN_DOCUMENTATION_COMMENTS = YES;
				CLANG_WARN_EMPTY_BODY = YES;
				CLANG_WARN_ENUM_CONVERSION = YES;
				CLANG_WARN_INFINITE_RECURSION = YES;
				CLANG_WARN_INT_CONVERSION = YES;
				CLANG_WARN_NON_LITERAL_NULL_CONVERSION = YES;
				CLANG_WARN_OBJC_IMPLICIT_RETAIN_SELF = YES;
				CLANG_WARN_OBJC_LITERAL_CONVERSION = YES;
				CLANG_WARN_OBJC_ROOT_CLASS = YES_ERROR;
				CLANG_WARN_QUOTED_INCLUDE_IN_FRAMEWORK_HEADER = YES;
				CLANG_WARN_RANGE_LOOP_ANALYSIS = YES;
				CLANG_WARN_STRICT_PROTOTYPES = YES;
				CLANG_WARN_SUSPICIOUS_MOVE = YES;
				CLANG_WARN_UNGUARDED_AVAILABILITY = YES_AGGRESSIVE;
				CLANG_WARN_UNREACHABLE_CODE = YES;
				CLANG_WARN__DUPLICATE_METHOD_MATCH = YES;
				COPY_PHASE_STRIP = NO;
				DEBUG_INFORMATION_FORMAT = dwarf;
				ENABLE_STRICT_OBJC_MSGSEND = YES;
				ENABLE_TESTABILITY = YES;
				GCC_C_LANGUAGE_STANDARD = gnu11;
				GCC_DYNAMIC_NO_PIC = NO;
				GCC_NO_COMMON_BLOCKS = YES;
				GCC_OPTIMIZATION_LEVEL = 0;
				GCC_PREPROCESSOR_DEFINITIONS = (
					"DEBUG=1",
					"$(inherited)",
				);
				GCC_WARN_64_TO_32_BIT_CONVERSION = YES;
				GCC_WARN_ABOUT_RETURN_TYPE = YES_ERROR;
				GCC_WARN_UNDECLARED_SELECTOR = YES;
				GCC_WARN_UNINITIALIZED_AUTOS = YES_AGGRESSIVE;
				GCC_WARN_UNUSED_FUNCTION = YES;
				GCC_WARN_UNUSED_VARIABLE = YES;
				IPHONEOS_DEPLOYMENT_TARGET = 16.0;
				MTL_ENABLE_DEBUG_INFO = INCLUDE_SOURCE;
				MTL_FAST_MATH = YES;
				ONLY_ACTIVE_ARCH = YES;
				SDKROOT = iphoneos;
				SWIFT_ACTIVE_COMPILATION_CONDITIONS = DEBUG;
				SWIFT_OPTIMIZATION_LEVEL = "-Onone";
			};
			name = Debug;
		};
		94BBDC2028EDF85600433B85 /* Release */ = {
			isa = XCBuildConfiguration;
			buildSettings = {
				ALWAYS_SEARCH_USER_PATHS = NO;
				CLANG_ANALYZER_NONNULL = YES;
				CLANG_ANALYZER_NUMBER_OBJECT_CONVERSION = YES_AGGRESSIVE;
				CLANG_CXX_LANGUAGE_STANDARD = "gnu++20";
				CLANG_ENABLE_MODULES = YES;
				CLANG_ENABLE_OBJC_ARC = YES;
				CLANG_ENABLE_OBJC_WEAK = YES;
				CLANG_WARN_BLOCK_CAPTURE_AUTORELEASING = YES;
				CLANG_WARN_BOOL_CONVERSION = YES;
				CLANG_WARN_COMMA = YES;
				CLANG_WARN_CONSTANT_CONVERSION = YES;
				CLANG_WARN_DEPRECATED_OBJC_IMPLEMENTATIONS = YES;
				CLANG_WARN_DIRECT_OBJC_ISA_USAGE = YES_ERROR;
				CLANG_WARN_DOCUMENTATION_COMMENTS = YES;
				CLANG_WARN_EMPTY_BODY = YES;
				CLANG_WARN_ENUM_CONVERSION = YES;
				CLANG_WARN_INFINITE_RECURSION = YES;
				CLANG_WARN_INT_CONVERSION = YES;
				CLANG_WARN_NON_LITERAL_NULL_CONVERSION = YES;
				CLANG_WARN_OBJC_IMPLICIT_RETAIN_SELF = YES;
				CLANG_WARN_OBJC_LITERAL_CONVERSION = YES;
				CLANG_WARN_OBJC_ROOT_CLASS = YES_ERROR;
				CLANG_WARN_QUOTED_INCLUDE_IN_FRAMEWORK_HEADER = YES;
				CLANG_WARN_RANGE_LOOP_ANALYSIS = YES;
				CLANG_WARN_STRICT_PROTOTYPES = YES;
				CLANG_WARN_SUSPICIOUS_MOVE = YES;
				CLANG_WARN_UNGUARDED_AVAILABILITY = YES_AGGRESSIVE;
				CLANG_WARN_UNREACHABLE_CODE = YES;
				CLANG_WARN__DUPLICATE_METHOD_MATCH = YES;
				COPY_PHASE_STRIP = NO;
				DEBUG_INFORMATION_FORMAT = "dwarf-with-dsym";
				ENABLE_NS_ASSERTIONS = NO;
				ENABLE_STRICT_OBJC_MSGSEND = YES;
				GCC_C_LANGUAGE_STANDARD = gnu11;
				GCC_NO_COMMON_BLOCKS = YES;
				GCC_WARN_64_TO_32_BIT_CONVERSION = YES;
				GCC_WARN_ABOUT_RETURN_TYPE = YES_ERROR;
				GCC_WARN_UNDECLARED_SELECTOR = YES;
				GCC_WARN_UNINITIALIZED_AUTOS = YES_AGGRESSIVE;
				GCC_WARN_UNUSED_FUNCTION = YES;
				GCC_WARN_UNUSED_VARIABLE = YES;
				IPHONEOS_DEPLOYMENT_TARGET = 16.0;
				MTL_ENABLE_DEBUG_INFO = NO;
				MTL_FAST_MATH = YES;
				SDKROOT = iphoneos;
				SWIFT_COMPILATION_MODE = wholemodule;
				SWIFT_OPTIMIZATION_LEVEL = "-O";
				VALIDATE_PRODUCT = YES;
			};
			name = Release;
		};
		94BBDC2228EDF85600433B85 /* Debug */ = {
			isa = XCBuildConfiguration;
			buildSettings = {
				ASSETCATALOG_COMPILER_APPICON_NAME = AppIcon;
				ASSETCATALOG_COMPILER_GLOBAL_ACCENT_COLOR_NAME = AccentColor;
				CODE_SIGN_STYLE = Automatic;
				CURRENT_PROJECT_VERSION = 1;
				DEVELOPMENT_ASSET_PATHS = "\"Weather Application/Preview Content\"";
				ENABLE_PREVIEWS = YES;
				GENERATE_INFOPLIST_FILE = YES;
				INFOPLIST_KEY_UIApplicationSceneManifest_Generation = YES;
				INFOPLIST_KEY_UIApplicationSupportsIndirectInputEvents = YES;
				INFOPLIST_KEY_UILaunchScreen_Generation = YES;
				INFOPLIST_KEY_UISupportedInterfaceOrientations_iPad = "UIInterfaceOrientationPortrait UIInterfaceOrientationPortraitUpsideDown UIInterfaceOrientationLandscapeLeft UIInterfaceOrientationLandscapeRight";
				INFOPLIST_KEY_UISupportedInterfaceOrientations_iPhone = "UIInterfaceOrientationPortrait UIInterfaceOrientationLandscapeLeft UIInterfaceOrientationLandscapeRight";
				LD_RUNPATH_SEARCH_PATHS = (
					"$(inherited)",
					"@executable_path/Frameworks",
				);
				MARKETING_VERSION = 1.0;
				PRODUCT_BUNDLE_IDENTIFIER = "com.chasefrederick.Weather-Application";
				PRODUCT_NAME = "$(TARGET_NAME)";
				SWIFT_EMIT_LOC_STRINGS = YES;
				SWIFT_VERSION = 5.0;
				TARGETED_DEVICE_FAMILY = "1,2";
			};
			name = Debug;
		};
		94BBDC2328EDF85600433B85 /* Release */ = {
			isa = XCBuildConfiguration;
			buildSettings = {
				ASSETCATALOG_COMPILER_APPICON_NAME = AppIcon;
				ASSETCATALOG_COMPILER_GLOBAL_ACCENT_COLOR_NAME = AccentColor;
				CODE_SIGN_STYLE = Automatic;
				CURRENT_PROJECT_VERSION = 1;
				DEVELOPMENT_ASSET_PATHS = "\"Weather Application/Preview Content\"";
				ENABLE_PREVIEWS = YES;
				GENERATE_INFOPLIST_FILE = YES;
				INFOPLIST_KEY_UIApplicationSceneManifest_Generation = YES;
				INFOPLIST_KEY_UIApplicationSupportsIndirectInputEvents = YES;
				INFOPLIST_KEY_UILaunchScreen_Generation = YES;
				INFOPLIST_KEY_UISupportedInterfaceOrientations_iPad = "UIInterfaceOrientationPortrait UIInterfaceOrientationPortraitUpsideDown UIInterfaceOrientationLandscapeLeft UIInterfaceOrientationLandscapeRight";
				INFOPLIST_KEY_UISupportedInterfaceOrientations_iPhone = "UIInterfaceOrientationPortrait UIInterfaceOrientationLandscapeLeft UIInterfaceOrientationLandscapeRight";
				LD_RUNPATH_SEARCH_PATHS = (
					"$(inherited)",
					"@executable_path/Frameworks",
				);
				MARKETING_VERSION = 1.0;
				PRODUCT_BUNDLE_IDENTIFIER = "com.chasefrederick.Weather-Application";
				PRODUCT_NAME = "$(TARGET_NAME)";
				SWIFT_EMIT_LOC_STRINGS = YES;
				SWIFT_VERSION = 5.0;
				TARGETED_DEVICE_FAMILY = "1,2";
			};
			name = Release;
		};
		94BBDC2528EDF85600433B85 /* Debug */ = {
			isa = XCBuildConfiguration;
			buildSettings = {
				ALWAYS_EMBED_SWIFT_STANDARD_LIBRARIES = YES;
				BUNDLE_LOADER = "$(TEST_HOST)";
				CODE_SIGN_STYLE = Automatic;
				CURRENT_PROJECT_VERSION = 1;
				GENERATE_INFOPLIST_FILE = YES;
				IPHONEOS_DEPLOYMENT_TARGET = 16.0;
				MARKETING_VERSION = 1.0;
				PRODUCT_BUNDLE_IDENTIFIER = "com.chasefrederick.Weather-ApplicationTests";
				PRODUCT_NAME = "$(TARGET_NAME)";
				SWIFT_EMIT_LOC_STRINGS = NO;
				SWIFT_VERSION = 5.0;
				TARGETED_DEVICE_FAMILY = "1,2";
				TEST_HOST = "$(BUILT_PRODUCTS_DIR)/Weather Application.app/$(BUNDLE_EXECUTABLE_FOLDER_PATH)/Weather Application";
			};
			name = Debug;
		};
		94BBDC2628EDF85600433B85 /* Release */ = {
			isa = XCBuildConfiguration;
			buildSettings = {
				ALWAYS_EMBED_SWIFT_STANDARD_LIBRARIES = YES;
				BUNDLE_LOADER = "$(TEST_HOST)";
				CODE_SIGN_STYLE = Automatic;
				CURRENT_PROJECT_VERSION = 1;
				GENERATE_INFOPLIST_FILE = YES;
				IPHONEOS_DEPLOYMENT_TARGET = 16.0;
				MARKETING_VERSION = 1.0;
				PRODUCT_BUNDLE_IDENTIFIER = "com.chasefrederick.Weather-ApplicationTests";
				PRODUCT_NAME = "$(TARGET_NAME)";
				SWIFT_EMIT_LOC_STRINGS = NO;
				SWIFT_VERSION = 5.0;
				TARGETED_DEVICE_FAMILY = "1,2";
				TEST_HOST = "$(BUILT_PRODUCTS_DIR)/Weather Application.app/$(BUNDLE_EXECUTABLE_FOLDER_PATH)/Weather Application";
			};
			name = Release;
		};
		94BBDC2828EDF85600433B85 /* Debug */ = {
			isa = XCBuildConfiguration;
			buildSettings = {
				ALWAYS_EMBED_SWIFT_STANDARD_LIBRARIES = YES;
				CODE_SIGN_STYLE = Automatic;
				CURRENT_PROJECT_VERSION = 1;
				GENERATE_INFOPLIST_FILE = YES;
				MARKETING_VERSION = 1.0;
				PRODUCT_BUNDLE_IDENTIFIER = "com.chasefrederick.Weather-ApplicationUITests";
				PRODUCT_NAME = "$(TARGET_NAME)";
				SWIFT_EMIT_LOC_STRINGS = NO;
				SWIFT_VERSION = 5.0;
				TARGETED_DEVICE_FAMILY = "1,2";
				TEST_TARGET_NAME = "Weather Application";
			};
			name = Debug;
		};
		94BBDC2928EDF85600433B85 /* Release */ = {
			isa = XCBuildConfiguration;
			buildSettings = {
				ALWAYS_EMBED_SWIFT_STANDARD_LIBRARIES = YES;
				CODE_SIGN_STYLE = Automatic;
				CURRENT_PROJECT_VERSION = 1;
				GENERATE_INFOPLIST_FILE = YES;
				MARKETING_VERSION = 1.0;
				PRODUCT_BUNDLE_IDENTIFIER = "com.chasefrederick.Weather-ApplicationUITests";
				PRODUCT_NAME = "$(TARGET_NAME)";
				SWIFT_EMIT_LOC_STRINGS = NO;
				SWIFT_VERSION = 5.0;
				TARGETED_DEVICE_FAMILY = "1,2";
				TEST_TARGET_NAME = "Weather Application";
			};
			name = Release;
		};
/* End XCBuildConfiguration section */

/* Begin XCConfigurationList section */
		94BBDBF828EDF85500433B85 /* Build configuration list for PBXProject "Weather Application" */ = {
			isa = XCConfigurationList;
			buildConfigurations = (
				94BBDC1F28EDF85600433B85 /* Debug */,
				94BBDC2028EDF85600433B85 /* Release */,
			);
			defaultConfigurationIsVisible = 0;
			defaultConfigurationName = Release;
		};
		94BBDC2128EDF85600433B85 /* Build configuration list for PBXNativeTarget "Weather Application" */ = {
			isa = XCConfigurationList;
			buildConfigurations = (
				94BBDC2228EDF85600433B85 /* Debug */,
				94BBDC2328EDF85600433B85 /* Release */,
			);
			defaultConfigurationIsVisible = 0;
			defaultConfigurationName = Release;
		};
		94BBDC2428EDF85600433B85 /* Build configuration list for PBXNativeTarget "Weather ApplicationTests" */ = {
			isa = XCConfigurationList;
			buildConfigurations = (
				94BBDC2528EDF85600433B85 /* Debug */,
				94BBDC2628EDF85600433B85 /* Release */,
			);
			defaultConfigurationIsVisible = 0;
			defaultConfigurationName = Release;
		};
		94BBDC2728EDF85600433B85 /* Build configuration list for PBXNativeTarget "Weather ApplicationUITests" */ = {
			isa = XCConfigurationList;
			buildConfigurations = (
				94BBDC2828EDF85600433B85 /* Debug */,
				94BBDC2928EDF85600433B85 /* Release */,
			);
			defaultConfigurationIsVisible = 0;
			defaultConfigurationName = Release;
		};
/* End XCConfigurationList section */
	};
	rootObject = 94BBDBF528EDF85500433B85 /* Project object */;
}
